
Microsoft Visual Studio Solution File, Format Version 12.00
# Visual Studio Version 16
VisualStudioVersion = 16.0.32228.343
MinimumVisualStudioVersion = 10.0.40219.1
Project("{FAE04EC0-301F-11D3-BF4B-00C04F79EFBC}") = "ArtTrash", "ART-TRASH\ArtTrash.csproj", "{D1C3C966-4ABA-4441-A98F-BE4CD44AB3AF}"
EndProject
Project("{FAE04EC0-301F-11D3-BF4B-00C04F79EFBC}") = "ArtTrashService", "ART-TRASH-SERVICE\ArtTrashService.csproj", "{BD096ACD-0203-4B7E-BC04-93A7A89BECA2}"
EndProject
Global
	GlobalSection(SolutionConfigurationPlatforms) = preSolution
		Debug|Any CPU = Debug|Any CPU
		Release|Any CPU = Release|Any CPU
	EndGlobalSection
	GlobalSection(ProjectConfigurationPlatforms) = postSolution
		{D1C3C966-4ABA-4441-A98F-BE4CD44AB3AF}.Debug|Any CPU.ActiveCfg = Debug|Any CPU
		{D1C3C966-4ABA-4441-A98F-BE4CD44AB3AF}.Debug|Any CPU.Build.0 = Debug|Any CPU
		{D1C3C966-4ABA-4441-A98F-BE4CD44AB3AF}.Release|Any CPU.ActiveCfg = Release|Any CPU
		{D1C3C966-4ABA-4441-A98F-BE4CD44AB3AF}.Release|Any CPU.Build.0 = Release|Any CPU
		{BD096ACD-0203-4B7E-BC04-93A7A89BECA2}.Debug|Any CPU.ActiveCfg = Debug|Any CPU
		{BD096ACD-0203-4B7E-BC04-93A7A89BECA2}.Debug|Any CPU.Build.0 = Debug|Any CPU
		{BD096ACD-0203-4B7E-BC04-93A7A89BECA2}.Release|Any CPU.ActiveCfg = Release|Any CPU
		{BD096ACD-0203-4B7E-BC04-93A7A89BECA2}.Release|Any CPU.Build.0 = Release|Any CPU
	EndGlobalSection
	GlobalSection(SolutionProperties) = preSolution
		HideSolutionNode = FALSE
	EndGlobalSection
	GlobalSection(ExtensibilityGlobals) = postSolution
		SolutionGuid = {8FE0DA3D-A96E-42B2-BFBD-472C9255E09C}
	EndGlobalSection
EndGlobal
